dependencies:
  espressif/esp-dsp:
    component_hash: fa7fe74305df6da25867437ebcd4213e047cbfc0556cf92067ab657fce537c6e
    source:
      service_url: https://api.components.espressif.com/
      type: service
    version: 1.5.2
  idf:
    component_hash: null
    source:
      type: idf
    version: 5.3.1
manifest_hash: 6a7c7ce3a51d960992d7ac6944223a11b2b14302964fbc67e7bc4e16fbaeac6c
target: esp32c3
version: 1.0.0
