dependencies:
  espressif/esp-dsp:
    component_hash: fa7fe74305df6da25867437ebcd4213e047cbfc0556cf92067ab657fce537c6e
    source:
      service_url: https://api.components.espressif.com/
      type: service
    version: 1.5.2
  idf:
    component_hash: null
    source:
      type: idf
    version: 5.3.1
manifest_hash: fa63f2da84a20236a71adb65ef137f445c84ad68cc53e19db2d9dd8f245223da
target: esp32c3
version: 1.0.0
